
Microsoft Visual Studio Solution File, Format Version 12.00
# Visual Studio 2013
VisualStudioVersion = 12.0.31101.0
MinimumVisualStudioVersion = 10.0.40219.1
Project("{FAE04EC0-301F-11D3-BF4B-00C04F79EFBC}") = "NewsNotificationCenter", "NewsNotificationCenter\NewsNotificationCenter.csproj", "{3B062918-CD7A-4373-B79F-4975EE6E47D9}"
EndProject
Project("{6141683F-8A12-4E36-9623-2EB02B2C2303}") = "MySetup", "MySetup\MySetup.isproj", "{9FF20D9C-A392-416B-81FE-14F22B25A9C2}"
EndProject
Global
	GlobalSection(SolutionConfigurationPlatforms) = preSolution
		CD_ROM|Any CPU = CD_ROM|Any CPU
		Debug|Any CPU = Debug|Any CPU
		DVD-5|Any CPU = DVD-5|Any CPU
		Release|Any CPU = Release|Any CPU
		SingleImage|Any CPU = SingleImage|Any CPU
	EndGlobalSection
	GlobalSection(ProjectConfigurationPlatforms) = postSolution
		{3B062918-CD7A-4373-B79F-4975EE6E47D9}.CD_ROM|Any CPU.ActiveCfg = Release|Any CPU
		{3B062918-CD7A-4373-B79F-4975EE6E47D9}.CD_ROM|Any CPU.Build.0 = Release|Any CPU
		{3B062918-CD7A-4373-B79F-4975EE6E47D9}.Debug|Any CPU.ActiveCfg = Debug|Any CPU
		{3B062918-CD7A-4373-B79F-4975EE6E47D9}.Debug|Any CPU.Build.0 = Debug|Any CPU
		{3B062918-CD7A-4373-B79F-4975EE6E47D9}.DVD-5|Any CPU.ActiveCfg = Debug|Any CPU
		{3B062918-CD7A-4373-B79F-4975EE6E47D9}.DVD-5|Any CPU.Build.0 = Debug|Any CPU
		{3B062918-CD7A-4373-B79F-4975EE6E47D9}.Release|Any CPU.ActiveCfg = Release|Any CPU
		{3B062918-CD7A-4373-B79F-4975EE6E47D9}.Release|Any CPU.Build.0 = Release|Any CPU
		{3B062918-CD7A-4373-B79F-4975EE6E47D9}.SingleImage|Any CPU.ActiveCfg = Release|Any CPU
		{3B062918-CD7A-4373-B79F-4975EE6E47D9}.SingleImage|Any CPU.Build.0 = Release|Any CPU
		{9FF20D9C-A392-416B-81FE-14F22B25A9C2}.CD_ROM|Any CPU.ActiveCfg = CD_ROM
		{9FF20D9C-A392-416B-81FE-14F22B25A9C2}.CD_ROM|Any CPU.Build.0 = CD_ROM
		{9FF20D9C-A392-416B-81FE-14F22B25A9C2}.Debug|Any CPU.ActiveCfg = DVD-5
		{9FF20D9C-A392-416B-81FE-14F22B25A9C2}.Debug|Any CPU.Build.0 = DVD-5
		{9FF20D9C-A392-416B-81FE-14F22B25A9C2}.DVD-5|Any CPU.ActiveCfg = DVD-5
		{9FF20D9C-A392-416B-81FE-14F22B25A9C2}.DVD-5|Any CPU.Build.0 = DVD-5
		{9FF20D9C-A392-416B-81FE-14F22B25A9C2}.Release|Any CPU.ActiveCfg = SingleImage
		{9FF20D9C-A392-416B-81FE-14F22B25A9C2}.Release|Any CPU.Build.0 = SingleImage
		{9FF20D9C-A392-416B-81FE-14F22B25A9C2}.SingleImage|Any CPU.ActiveCfg = SingleImage
		{9FF20D9C-A392-416B-81FE-14F22B25A9C2}.SingleImage|Any CPU.Build.0 = SingleImage
	EndGlobalSection
	GlobalSection(SolutionProperties) = preSolution
		HideSolutionNode = FALSE
	EndGlobalSection
EndGlobal
